// !$*UTF8*$!
{
	archiveVersion = 1;
	classes = {
	};
	objectVersion = 50;
	objects = {

/* Begin PBXBuildFile section */
		6D02D514278C242600331015 /* weatherTestUITests.swift in Sources */ = {isa = PBXBuildFile; fileRef = 6DBEB2D1278871510086A972 /* weatherTestUITests.swift */; };
		6D26CCAE2775A7910092ED01 /* AppDelegate.swift in Sources */ = {isa = PBXBuildFile; fileRef = 6D26CCAD2775A7910092ED01 /* AppDelegate.swift */; };
		6D26CCB02775A7910092ED01 /* SceneDelegate.swift in Sources */ = {isa = PBXBuildFile; fileRef = 6D26CCAF2775A7910092ED01 /* SceneDelegate.swift */; };
		6D26CCB22775A7910092ED01 /* ViewController.swift in Sources */ = {isa = PBXBuildFile; fileRef = 6D26CCB12775A7910092ED01 /* ViewController.swift */; };
		6D26CCB52775A7910092ED01 /* Main.storyboard in Resources */ = {isa = PBXBuildFile; fileRef = 6D26CCB32775A7910092ED01 /* Main.storyboard */; };
		6D26CCB72775A7920092ED01 /* Assets.xcassets in Resources */ = {isa = PBXBuildFile; fileRef = 6D26CCB62775A7920092ED01 /* Assets.xcassets */; };
		6D26CCBA2775A7920092ED01 /* LaunchScreen.storyboard in Resources */ = {isa = PBXBuildFile; fileRef = 6D26CCB82775A7920092ED01 /* LaunchScreen.storyboard */; };
		6D26CCC32775AD850092ED01 /* WeatherTableViewCell.swift in Sources */ = {isa = PBXBuildFile; fileRef = 6D26CCC12775AD850092ED01 /* WeatherTableViewCell.swift */; };
		6D26CCC42775AD850092ED01 /* WeatherTableViewCell.xib in Resources */ = {isa = PBXBuildFile; fileRef = 6D26CCC22775AD850092ED01 /* WeatherTableViewCell.xib */; };
		6D87E5BC27799C2100EE1937 /* WeatherManager.swift in Sources */ = {isa = PBXBuildFile; fileRef = 6D87E5BB27799C2100EE1937 /* WeatherManager.swift */; };
		6D87E5BE2779B2CB00EE1937 /* WeatherData.swift in Sources */ = {isa = PBXBuildFile; fileRef = 6D87E5BD2779B2CB00EE1937 /* WeatherData.swift */; };
		6DA9D55E277ADA3900985E6C /* WeatherDetailViewController.swift in Sources */ = {isa = PBXBuildFile; fileRef = 6DA9D55D277ADA3900985E6C /* WeatherDetailViewController.swift */; };
		6DA9D560277AF8AD00985E6C /* WeatherDetailsDisplayFunctions.swift in Sources */ = {isa = PBXBuildFile; fileRef = 6DA9D55F277AF8AD00985E6C /* WeatherDetailsDisplayFunctions.swift */; };
		6DBEB2BE278809840086A972 /* weatherTestTests.swift in Sources */ = {isa = PBXBuildFile; fileRef = 6DBEB2BD278809840086A972 /* weatherTestTests.swift */; };
/* End PBXBuildFile section */

/* Begin PBXContainerItemProxy section */
		6DBEB2C0278809840086A972 /* PBXContainerItemProxy */ = {
			isa = PBXContainerItemProxy;
			containerPortal = 6D26CCA22775A7910092ED01 /* Project object */;
			proxyType = 1;
			remoteGlobalIDString = 6D26CCA92775A7910092ED01;
			remoteInfo = weatherTest;
		};
		6DBEB2D4278871510086A972 /* PBXContainerItemProxy */ = {
			isa = PBXContainerItemProxy;
			containerPortal = 6D26CCA22775A7910092ED01 /* Project object */;
			proxyType = 1;
			remoteGlobalIDString = 6D26CCA92775A7910092ED01;
			remoteInfo = weatherTest;
		};
/* End PBXContainerItemProxy section */

/* Begin PBXFileReference section */
		6D26CCAA2775A7910092ED01 /* weatherTest.app */ = {isa = PBXFileReference; explicitFileType = wrapper.application; includeInIndex = 0; path = weatherTest.app; sourceTree = BUILT_PRODUCTS_DIR; };
		6D26CCAD2775A7910092ED01 /* AppDelegate.swift */ = {isa = PBXFileReference; lastKnownFileType = sourcecode.swift; path = AppDelegate.swift; sourceTree = "<group>"; };
		6D26CCAF2775A7910092ED01 /* SceneDelegate.swift */ = {isa = PBXFileReference; lastKnownFileType = sourcecode.swift; path = SceneDelegate.swift; sourceTree = "<group>"; };
		6D26CCB12775A7910092ED01 /* ViewController.swift */ = {isa = PBXFileReference; lastKnownFileType = sourcecode.swift; path = ViewController.swift; sourceTree = "<group>"; };
		6D26CCB42775A7910092ED01 /* Base */ = {isa = PBXFileReference; lastKnownFileType = file.storyboard; name = Base; path = Base.lproj/Main.storyboard; sourceTree = "<group>"; };
		6D26CCB62775A7920092ED01 /* Assets.xcassets */ = {isa = PBXFileReference; lastKnownFileType = folder.assetcatalog; path = Assets.xcassets; sourceTree = "<group>"; };
		6D26CCB92775A7920092ED01 /* Base */ = {isa = PBXFileReference; lastKnownFileType = file.storyboard; name = Base; path = Base.lproj/LaunchScreen.storyboard; sourceTree = "<group>"; };
		6D26CCBB2775A7920092ED01 /* Info.plist */ = {isa = PBXFileReference; lastKnownFileType = text.plist.xml; path = Info.plist; sourceTree = "<group>"; };
		6D26CCC12775AD850092ED01 /* WeatherTableViewCell.swift */ = {isa = PBXFileReference; lastKnownFileType = sourcecode.swift; path = WeatherTableViewCell.swift; sourceTree = "<group>"; };
		6D26CCC22775AD850092ED01 /* WeatherTableViewCell.xib */ = {isa = PBXFileReference; lastKnownFileType = file.xib; path = WeatherTableViewCell.xib; sourceTree = "<group>"; };
		6D87E5BB27799C2100EE1937 /* WeatherManager.swift */ = {isa = PBXFileReference; lastKnownFileType = sourcecode.swift; path = WeatherManager.swift; sourceTree = "<group>"; };
		6D87E5BD2779B2CB00EE1937 /* WeatherData.swift */ = {isa = PBXFileReference; lastKnownFileType = sourcecode.swift; path = WeatherData.swift; sourceTree = "<group>"; };
		6DA9D55D277ADA3900985E6C /* WeatherDetailViewController.swift */ = {isa = PBXFileReference; lastKnownFileType = sourcecode.swift; path = WeatherDetailViewController.swift; sourceTree = "<group>"; };
		6DA9D55F277AF8AD00985E6C /* WeatherDetailsDisplayFunctions.swift */ = {isa = PBXFileReference; lastKnownFileType = sourcecode.swift; path = WeatherDetailsDisplayFunctions.swift; sourceTree = "<group>"; };
		6DBEB2BB278809840086A972 /* weatherTestTests.xctest */ = {isa = PBXFileReference; explicitFileType = wrapper.cfbundle; includeInIndex = 0; path = weatherTestTests.xctest; sourceTree = BUILT_PRODUCTS_DIR; };
		6DBEB2BD278809840086A972 /* weatherTestTests.swift */ = {isa = PBXFileReference; lastKnownFileType = sourcecode.swift; path = weatherTestTests.swift; sourceTree = "<group>"; };
		6DBEB2BF278809840086A972 /* Info.plist */ = {isa = PBXFileReference; lastKnownFileType = text.plist.xml; path = Info.plist; sourceTree = "<group>"; };
		6DBEB2CF278871510086A972 /* weatherTestUITests.xctest */ = {isa = PBXFileReference; explicitFileType = wrapper.cfbundle; includeInIndex = 0; path = weatherTestUITests.xctest; sourceTree = BUILT_PRODUCTS_DIR; };
		6DBEB2D1278871510086A972 /* weatherTestUITests.swift */ = {isa = PBXFileReference; lastKnownFileType = sourcecode.swift; path = weatherTestUITests.swift; sourceTree = "<group>"; };
		6DBEB2D3278871510086A972 /* Info.plist */ = {isa = PBXFileReference; lastKnownFileType = text.plist.xml; path = Info.plist; sourceTree = "<group>"; };
/* End PBXFileReference section */

/* Begin PBXFrameworksBuildPhase section */
		6D26CCA72775A7910092ED01 /* Frameworks */ = {
			isa = PBXFrameworksBuildPhase;
			buildActionMask = 2147483647;
			files = (
			);
			runOnlyForDeploymentPostprocessing = 0;
		};
		6DBEB2B8278809840086A972 /* Frameworks */ = {
			isa = PBXFrameworksBuildPhase;
			buildActionMask = 2147483647;
			files = (
			);
			runOnlyForDeploymentPostprocessing = 0;
		};
		6DBEB2CC278871510086A972 /* Frameworks */ = {
			isa = PBXFrameworksBuildPhase;
			buildActionMask = 2147483647;
			files = (
			);
			runOnlyForDeploymentPostprocessing = 0;
		};
/* End PBXFrameworksBuildPhase section */

/* Begin PBXGroup section */
		6D26CCA12775A7910092ED01 = {
			isa = PBXGroup;
			children = (
				6D26CCAC2775A7910092ED01 /* weatherTest */,
				6DBEB2BC278809840086A972 /* weatherTestTests */,
				6DBEB2D0278871510086A972 /* weatherTestUITests */,
				6D26CCAB2775A7910092ED01 /* Products */,
			);
			sourceTree = "<group>";
		};
		6D26CCAB2775A7910092ED01 /* Products */ = {
			isa = PBXGroup;
			children = (
				6D26CCAA2775A7910092ED01 /* weatherTest.app */,
				6DBEB2BB278809840086A972 /* weatherTestTests.xctest */,
				6DBEB2CF278871510086A972 /* weatherTestUITests.xctest */,
			);
			name = Products;
			sourceTree = "<group>";
		};
		6D26CCAC2775A7910092ED01 /* weatherTest */ = {
			isa = PBXGroup;
			children = (
				6D87E5D02779D7E300EE1937 /* Model */,
				6D87E5D22779D83500EE1937 /* View */,
				6D87E5D32779D85800EE1937 /* Controller */,
				6D26CCAD2775A7910092ED01 /* AppDelegate.swift */,
				6D26CCAF2775A7910092ED01 /* SceneDelegate.swift */,
				6D26CCB62775A7920092ED01 /* Assets.xcassets */,
				6D26CCBB2775A7920092ED01 /* Info.plist */,
			);
			path = weatherTest;
			sourceTree = "<group>";
		};
		6D87E5D02779D7E300EE1937 /* Model */ = {
			isa = PBXGroup;
			children = (
				6D87E5BD2779B2CB00EE1937 /* WeatherData.swift */,
				6D87E5BB27799C2100EE1937 /* WeatherManager.swift */,
				6D26CCC12775AD850092ED01 /* WeatherTableViewCell.swift */,
			);
			path = Model;
			sourceTree = "<group>";
		};
		6D87E5D22779D83500EE1937 /* View */ = {
			isa = PBXGroup;
			children = (
				6D26CCB82775A7920092ED01 /* LaunchScreen.storyboard */,
				6D26CCB32775A7910092ED01 /* Main.storyboard */,
				6D26CCC22775AD850092ED01 /* WeatherTableViewCell.xib */,
			);
			name = View;
			sourceTree = "<group>";
		};
		6D87E5D32779D85800EE1937 /* Controller */ = {
			isa = PBXGroup;
			children = (
				6D26CCB12775A7910092ED01 /* ViewController.swift */,
				6DA9D55D277ADA3900985E6C /* WeatherDetailViewController.swift */,
				6DA9D55F277AF8AD00985E6C /* WeatherDetailsDisplayFunctions.swift */,
			);
			name = Controller;
			sourceTree = "<group>";
		};
		6DBEB2BC278809840086A972 /* weatherTestTests */ = {
			isa = PBXGroup;
			children = (
				6DBEB2BD278809840086A972 /* weatherTestTests.swift */,
				6DBEB2BF278809840086A972 /* Info.plist */,
			);
			path = weatherTestTests;
			sourceTree = "<group>";
		};
		6DBEB2D0278871510086A972 /* weatherTestUITests */ = {
			isa = PBXGroup;
			children = (
				6DBEB2D1278871510086A972 /* weatherTestUITests.swift */,
				6DBEB2D3278871510086A972 /* Info.plist */,
			);
			path = weatherTestUITests;
			sourceTree = "<group>";
		};
/* End PBXGroup section */

/* Begin PBXNativeTarget section */
		6D26CCA92775A7910092ED01 /* weatherTest */ = {
			isa = PBXNativeTarget;
			buildConfigurationList = 6D26CCBE2775A7920092ED01 /* Build configuration list for PBXNativeTarget "weatherTest" */;
			buildPhases = (
				6D26CCA62775A7910092ED01 /* Sources */,
				6D26CCA72775A7910092ED01 /* Frameworks */,
				6D26CCA82775A7910092ED01 /* Resources */,
			);
			buildRules = (
			);
			dependencies = (
			);
			name = weatherTest;
			productName = weatherTest;
			productReference = 6D26CCAA2775A7910092ED01 /* weatherTest.app */;
			productType = "com.apple.product-type.application";
		};
		6DBEB2BA278809840086A972 /* weatherTestTests */ = {
			isa = PBXNativeTarget;
			buildConfigurationList = 6DBEB2C2278809840086A972 /* Build configuration list for PBXNativeTarget "weatherTestTests" */;
			buildPhases = (
				6DBEB2B7278809840086A972 /* Sources */,
				6DBEB2B8278809840086A972 /* Frameworks */,
				6DBEB2B9278809840086A972 /* Resources */,
			);
			buildRules = (
			);
			dependencies = (
				6DBEB2C1278809840086A972 /* PBXTargetDependency */,
			);
			name = weatherTestTests;
			productName = weatherTestTests;
			productReference = 6DBEB2BB278809840086A972 /* weatherTestTests.xctest */;
			productType = "com.apple.product-type.bundle.unit-test";
		};
		6DBEB2CE278871510086A972 /* weatherTestUITests */ = {
			isa = PBXNativeTarget;
			buildConfigurationList = 6DBEB2D6278871510086A972 /* Build configuration list for PBXNativeTarget "weatherTestUITests" */;
			buildPhases = (
				6DBEB2CB278871510086A972 /* Sources */,
				6DBEB2CC278871510086A972 /* Frameworks */,
				6DBEB2CD278871510086A972 /* Resources */,
			);
			buildRules = (
			);
			dependencies = (
				6DBEB2D5278871510086A972 /* PBXTargetDependency */,
			);
			name = weatherTestUITests;
			productName = weatherTestUITests;
			productReference = 6DBEB2CF278871510086A972 /* weatherTestUITests.xctest */;
			productType = "com.apple.product-type.bundle.ui-testing";
		};
/* End PBXNativeTarget section */

/* Begin PBXProject section */
		6D26CCA22775A7910092ED01 /* Project object */ = {
			isa = PBXProject;
			attributes = {
				LastSwiftUpdateCheck = 1230;
				LastUpgradeCheck = 1250;
				TargetAttributes = {
					6D26CCA92775A7910092ED01 = {
						CreatedOnToolsVersion = 12.5.1;
					};
					6DBEB2BA278809840086A972 = {
						CreatedOnToolsVersion = 12.3;
						TestTargetID = 6D26CCA92775A7910092ED01;
					};
					6DBEB2CE278871510086A972 = {
						CreatedOnToolsVersion = 12.3;
						TestTargetID = 6D26CCA92775A7910092ED01;
					};
				};
			};
			buildConfigurationList = 6D26CCA52775A7910092ED01 /* Build configuration list for PBXProject "weatherTest" */;
			compatibilityVersion = "Xcode 9.3";
			developmentRegion = en;
			hasScannedForEncodings = 0;
			knownRegions = (
				en,
				Base,
			);
			mainGroup = 6D26CCA12775A7910092ED01;
			productRefGroup = 6D26CCAB2775A7910092ED01 /* Products */;
			projectDirPath = "";
			projectRoot = "";
			targets = (
				6D26CCA92775A7910092ED01 /* weatherTest */,
				6DBEB2BA278809840086A972 /* weatherTestTests */,
				6DBEB2CE278871510086A972 /* weatherTestUITests */,
			);
		};
/* End PBXProject section */

/* Begin PBXResourcesBuildPhase section */
		6D26CCA82775A7910092ED01 /* Resources */ = {
			isa = PBXResourcesBuildPhase;
			buildActionMask = 2147483647;
			files = (
				6D26CCC42775AD850092ED01 /* WeatherTableViewCell.xib in Resources */,
				6D26CCBA2775A7920092ED01 /* LaunchScreen.storyboard in Resources */,
				6D26CCB72775A7920092ED01 /* Assets.xcassets in Resources */,
				6D26CCB52775A7910092ED01 /* Main.storyboard in Resources */,
			);
			runOnlyForDeploymentPostprocessing = 0;
		};
		6DBEB2B9278809840086A972 /* Resources */ = {
			isa = PBXResourcesBuildPhase;
			buildActionMask = 2147483647;
			files = (
			);
			runOnlyForDeploymentPostprocessing = 0;
		};
		6DBEB2CD278871510086A972 /* Resources */ = {
			isa = PBXResourcesBuildPhase;
			buildActionMask = 2147483647;
			files = (
			);
			runOnlyForDeploymentPostprocessing = 0;
		};
/* End PBXResourcesBuildPhase section */

/* Begin PBXSourcesBuildPhase section */
		6D26CCA62775A7910092ED01 /* Sources */ = {
			isa = PBXSourcesBuildPhase;
			buildActionMask = 2147483647;
			files = (
				6D26CCC32775AD850092ED01 /* WeatherTableViewCell.swift in Sources */,
				6DA9D55E277ADA3900985E6C /* WeatherDetailViewController.swift in Sources */,
				6D26CCB22775A7910092ED01 /* ViewController.swift in Sources */,
				6D87E5BC27799C2100EE1937 /* WeatherManager.swift in Sources */,
				6D26CCAE2775A7910092ED01 /* AppDelegate.swift in Sources */,
				6D87E5BE2779B2CB00EE1937 /* WeatherData.swift in Sources */,
				6DA9D560277AF8AD00985E6C /* WeatherDetailsDisplayFunctions.swift in Sources */,
				6D26CCB02775A7910092ED01 /* SceneDelegate.swift in Sources */,
			);
			runOnlyForDeploymentPostprocessing = 0;
		};
		6DBEB2B7278809840086A972 /* Sources */ = {
			isa = PBXSourcesBuildPhase;
			buildActionMask = 2147483647;
			files = (
				6DBEB2BE278809840086A972 /* weatherTestTests.swift in Sources */,
			);
			runOnlyForDeploymentPostprocessing = 0;
		};
		6DBEB2CB278871510086A972 /* Sources */ = {
			isa = PBXSourcesBuildPhase;
			buildActionMask = 2147483647;
			files = (
				6D02D514278C242600331015 /* weatherTestUITests.swift in Sources */,
			);
			runOnlyForDeploymentPostprocessing = 0;
		};
/* End PBXSourcesBuildPhase section */

/* Begin PBXTargetDependency section */
		6DBEB2C1278809840086A972 /* PBXTargetDependency */ = {
			isa = PBXTargetDependency;
			target = 6D26CCA92775A7910092ED01 /* weatherTest */;
			targetProxy = 6DBEB2C0278809840086A972 /* PBXContainerItemProxy */;
		};
		6DBEB2D5278871510086A972 /* PBXTargetDependency */ = {
			isa = PBXTargetDependency;
			target = 6D26CCA92775A7910092ED01 /* weatherTest */;
			targetProxy = 6DBEB2D4278871510086A972 /* PBXContainerItemProxy */;
		};
/* End PBXTargetDependency section */

/* Begin PBXVariantGroup section */
		6D26CCB32775A7910092ED01 /* Main.storyboard */ = {
			isa = PBXVariantGroup;
			children = (
				6D26CCB42775A7910092ED01 /* Base */,
			);
			name = Main.storyboard;
			sourceTree = "<group>";
		};
		6D26CCB82775A7920092ED01 /* LaunchScreen.storyboard */ = {
			isa = PBXVariantGroup;
			children = (
				6D26CCB92775A7920092ED01 /* Base */,
			);
			name = LaunchScreen.storyboard;
			sourceTree = "<group>";
		};
/* End PBXVariantGroup section */

/* Begin XCBuildConfiguration section */
		6D26CCBC2775A7920092ED01 /* Debug */ = {
			isa = XCBuildConfiguration;
			buildSettings = {
				ALWAYS_SEARCH_USER_PATHS = NO;
				CLANG_ANALYZER_NONNULL = YES;
				CLANG_ANALYZER_NUMBER_OBJECT_CONVERSION = YES_AGGRESSIVE;
				CLANG_CXX_LANGUAGE_STANDARD = "gnu++14";
				CLANG_CXX_LIBRARY = "libc++";
				CLANG_ENABLE_MODULES = YES;
				CLANG_ENABLE_OBJC_ARC = YES;
				CLANG_ENABLE_OBJC_WEAK = YES;
				CLANG_WARN_BLOCK_CAPTURE_AUTORELEASING = YES;
				CLANG_WARN_BOOL_CONVERSION = YES;
				CLANG_WARN_COMMA = YES;
				CLANG_WARN_CONSTANT_CONVERSION = YES;
				CLANG_WARN_DEPRECATED_OBJC_IMPLEMENTATIONS = YES;
				CLANG_WARN_DIRECT_OBJC_ISA_USAGE = YES_ERROR;
				CLANG_WARN_DOCUMENTATION_COMMENTS = YES;
				CLANG_WARN_EMPTY_BODY = YES;
				CLANG_WARN_ENUM_CONVERSION = YES;
				CLANG_WARN_INFINITE_RECURSION = YES;
				CLANG_WARN_INT_CONVERSION = YES;
				CLANG_WARN_NON_LITERAL_NULL_CONVERSION = YES;
				CLANG_WARN_OBJC_IMPLICIT_RETAIN_SELF = YES;
				CLANG_WARN_OBJC_LITERAL_CONVERSION = YES;
				CLANG_WARN_OBJC_ROOT_CLASS = YES_ERROR;
				CLANG_WARN_QUOTED_INCLUDE_IN_FRAMEWORK_HEADER = YES;
				CLANG_WARN_RANGE_LOOP_ANALYSIS = YES;
				CLANG_WARN_STRICT_PROTOTYPES = YES;
				CLANG_WARN_SUSPICIOUS_MOVE = YES;
				CLANG_WARN_UNGUARDED_AVAILABILITY = YES_AGGRESSIVE;
				CLANG_WARN_UNREACHABLE_CODE = YES;
				CLANG_WARN__DUPLICATE_METHOD_MATCH = YES;
				COPY_PHASE_STRIP = NO;
				DEBUG_INFORMATION_FORMAT = dwarf;
				ENABLE_STRICT_OBJC_MSGSEND = YES;
				ENABLE_TESTABILITY = YES;
				GCC_C_LANGUAGE_STANDARD = gnu11;
				GCC_DYNAMIC_NO_PIC = NO;
				GCC_NO_COMMON_BLOCKS = YES;
				GCC_OPTIMIZATION_LEVEL = 0;
				GCC_PREPROCESSOR_DEFINITIONS = (
					"DEBUG=1",
					"$(inherited)",
				);
				GCC_WARN_64_TO_32_BIT_CONVERSION = YES;
				GCC_WARN_ABOUT_RETURN_TYPE = YES_ERROR;
				GCC_WARN_UNDECLARED_SELECTOR = YES;
				GCC_WARN_UNINITIALIZED_AUTOS = YES_AGGRESSIVE;
				GCC_WARN_UNUSED_FUNCTION = YES;
				GCC_WARN_UNUSED_VARIABLE = YES;
				IPHONEOS_DEPLOYMENT_TARGET = 13.0;
				MTL_ENABLE_DEBUG_INFO = INCLUDE_SOURCE;
				MTL_FAST_MATH = YES;
				ONLY_ACTIVE_ARCH = YES;
				SDKROOT = iphoneos;
				SWIFT_ACTIVE_COMPILATION_CONDITIONS = DEBUG;
				SWIFT_OPTIMIZATION_LEVEL = "-Onone";
			};
			name = Debug;
		};
		6D26CCBD2775A7920092ED01 /* Release */ = {
			isa = XCBuildConfiguration;
			buildSettings = {
				ALWAYS_SEARCH_USER_PATHS = NO;
				CLANG_ANALYZER_NONNULL = YES;
				CLANG_ANALYZER_NUMBER_OBJECT_CONVERSION = YES_AGGRESSIVE;
				CLANG_CXX_LANGUAGE_STANDARD = "gnu++14";
				CLANG_CXX_LIBRARY = "libc++";
				CLANG_ENABLE_MODULES = YES;
				CLANG_ENABLE_OBJC_ARC = YES;
				CLANG_ENABLE_OBJC_WEAK = YES;
				CLANG_WARN_BLOCK_CAPTURE_AUTORELEASING = YES;
				CLANG_WARN_BOOL_CONVERSION = YES;
				CLANG_WARN_COMMA = YES;
				CLANG_WARN_CONSTANT_CONVERSION = YES;
				CLANG_WARN_DEPRECATED_OBJC_IMPLEMENTATIONS = YES;
				CLANG_WARN_DIRECT_OBJC_ISA_USAGE = YES_ERROR;
				CLANG_WARN_DOCUMENTATION_COMMENTS = YES;
				CLANG_WARN_EMPTY_BODY = YES;
				CLANG_WARN_ENUM_CONVERSION = YES;
				CLANG_WARN_INFINITE_RECURSION = YES;
				CLANG_WARN_INT_CONVERSION = YES;
				CLANG_WARN_NON_LITERAL_NULL_CONVERSION = YES;
				CLANG_WARN_OBJC_IMPLICIT_RETAIN_SELF = YES;
				CLANG_WARN_OBJC_LITERAL_CONVERSION = YES;
				CLANG_WARN_OBJC_ROOT_CLASS = YES_ERROR;
				CLANG_WARN_QUOTED_INCLUDE_IN_FRAMEWORK_HEADER = YES;
				CLANG_WARN_RANGE_LOOP_ANALYSIS = YES;
				CLANG_WARN_STRICT_PROTOTYPES = YES;
				CLANG_WARN_SUSPICIOUS_MOVE = YES;
				CLANG_WARN_UNGUARDED_AVAILABILITY = YES_AGGRESSIVE;
				CLANG_WARN_UNREACHABLE_CODE = YES;
				CLANG_WARN__DUPLICATE_METHOD_MATCH = YES;
				COPY_PHASE_STRIP = NO;
				DEBUG_INFORMATION_FORMAT = "dwarf-with-dsym";
				ENABLE_NS_ASSERTIONS = NO;
				ENABLE_STRICT_OBJC_MSGSEND = YES;
				GCC_C_LANGUAGE_STANDARD = gnu11;
				GCC_NO_COMMON_BLOCKS = YES;
				GCC_WARN_64_TO_32_BIT_CONVERSION = YES;
				GCC_WARN_ABOUT_RETURN_TYPE = YES_ERROR;
				GCC_WARN_UNDECLARED_SELECTOR = YES;
				GCC_WARN_UNINITIALIZED_AUTOS = YES_AGGRESSIVE;
				GCC_WARN_UNUSED_FUNCTION = YES;
				GCC_WARN_UNUSED_VARIABLE = YES;
				IPHONEOS_DEPLOYMENT_TARGET = 13.0;
				MTL_ENABLE_DEBUG_INFO = NO;
				MTL_FAST_MATH = YES;
				SDKROOT = iphoneos;
				SWIFT_COMPILATION_MODE = wholemodule;
				SWIFT_OPTIMIZATION_LEVEL = "-O";
				VALIDATE_PRODUCT = YES;
			};
			name = Release;
		};
		6D26CCBF2775A7920092ED01 /* Debug */ = {
			isa = XCBuildConfiguration;
			buildSettings = {
				ASSETCATALOG_COMPILER_APPICON_NAME = AppIcon;
				ASSETCATALOG_COMPILER_GLOBAL_ACCENT_COLOR_NAME = AccentColor;
				CODE_SIGN_IDENTITY = "Apple Development";
				CODE_SIGN_STYLE = Automatic;
				DEVELOPMENT_TEAM = RU6EZED5HC;
				INFOPLIST_FILE = weatherTest/Info.plist;
				LD_RUNPATH_SEARCH_PATHS = (
					"$(inherited)",
					"@executable_path/Frameworks",
				);
				PRODUCT_BUNDLE_IDENTIFIER = com.trail.weatherTest;
				PRODUCT_NAME = "$(TARGET_NAME)";
				PROVISIONING_PROFILE_SPECIFIER = "";
				SWIFT_VERSION = 5.0;
				TARGETED_DEVICE_FAMILY = "1,2";
			};
			name = Debug;
		};
		6D26CCC02775A7920092ED01 /* Release */ = {
			isa = XCBuildConfiguration;
			buildSettings = {
				ASSETCATALOG_COMPILER_APPICON_NAME = AppIcon;
				ASSETCATALOG_COMPILER_GLOBAL_ACCENT_COLOR_NAME = AccentColor;
				CODE_SIGN_IDENTITY = "Apple Development";
				CODE_SIGN_STYLE = Automatic;
				DEVELOPMENT_TEAM = RU6EZED5HC;
				INFOPLIST_FILE = weatherTest/Info.plist;
				LD_RUNPATH_SEARCH_PATHS = (
					"$(inherited)",
					"@executable_path/Frameworks",
				);
				PRODUCT_BUNDLE_IDENTIFIER = com.trail.weatherTest;
				PRODUCT_NAME = "$(TARGET_NAME)";
				PROVISIONING_PROFILE_SPECIFIER = "";
				SWIFT_VERSION = 5.0;
				TARGETED_DEVICE_FAMILY = "1,2";
			};
			name = Release;
		};
		6DBEB2C3278809840086A972 /* Debug */ = {
			isa = XCBuildConfiguration;
			buildSettings = {
				BUNDLE_LOADER = "$(TEST_HOST)";
				CODE_SIGN_STYLE = Automatic;
				INFOPLIST_FILE = weatherTestTests/Info.plist;
				IPHONEOS_DEPLOYMENT_TARGET = 14.3;
				LD_RUNPATH_SEARCH_PATHS = (
					"$(inherited)",
					"@executable_path/Frameworks",
					"@loader_path/Frameworks",
				);
				PRODUCT_BUNDLE_IDENTIFIER = test.weatherTestTests;
				PRODUCT_NAME = "$(TARGET_NAME)";
				SWIFT_VERSION = 5.0;
				TARGETED_DEVICE_FAMILY = "1,2";
				TEST_HOST = "$(BUILT_PRODUCTS_DIR)/weatherTest.app/weatherTest";
			};
			name = Debug;
		};
		6DBEB2C4278809840086A972 /* Release */ = {
			isa = XCBuildConfiguration;
			buildSettings = {
				BUNDLE_LOADER = "$(TEST_HOST)";
				CODE_SIGN_STYLE = Automatic;
				INFOPLIST_FILE = weatherTestTests/Info.plist;
				IPHONEOS_DEPLOYMENT_TARGET = 14.3;
				LD_RUNPATH_SEARCH_PATHS = (
					"$(inherited)",
					"@executable_path/Frameworks",
					"@loader_path/Frameworks",
				);
				PRODUCT_BUNDLE_IDENTIFIER = test.weatherTestTests;
				PRODUCT_NAME = "$(TARGET_NAME)";
				SWIFT_VERSION = 5.0;
				TARGETED_DEVICE_FAMILY = "1,2";
				TEST_HOST = "$(BUILT_PRODUCTS_DIR)/weatherTest.app/weatherTest";
			};
			name = Release;
		};
		6DBEB2D7278871510086A972 /* Debug */ = {
			isa = XCBuildConfiguration;
			buildSettings = {
				CODE_SIGN_STYLE = Automatic;
				INFOPLIST_FILE = weatherTestUITests/Info.plist;
				IPHONEOS_DEPLOYMENT_TARGET = 14.3;
				LD_RUNPATH_SEARCH_PATHS = (
					"$(inherited)",
					"@executable_path/Frameworks",
					"@loader_path/Frameworks",
				);
				PRODUCT_BUNDLE_IDENTIFIER = test.weatherTestUITests;
				PRODUCT_NAME = "$(TARGET_NAME)";
				SWIFT_VERSION = 5.0;
				TARGETED_DEVICE_FAMILY = "1,2";
				TEST_TARGET_NAME = weatherTest;
			};
			name = Debug;
		};
		6DBEB2D8278871510086A972 /* Release */ = {
			isa = XCBuildConfiguration;
			buildSettings = {
				CODE_SIGN_STYLE = Automatic;
				INFOPLIST_FILE = weatherTestUITests/Info.plist;
				IPHONEOS_DEPLOYMENT_TARGET = 14.3;
				LD_RUNPATH_SEARCH_PATHS = (
					"$(inherited)",
					"@executable_path/Frameworks",
					"@loader_path/Frameworks",
				);
				PRODUCT_BUNDLE_IDENTIFIER = test.weatherTestUITests;
				PRODUCT_NAME = "$(TARGET_NAME)";
				SWIFT_VERSION = 5.0;
				TARGETED_DEVICE_FAMILY = "1,2";
				TEST_TARGET_NAME = weatherTest;
			};
			name = Release;
		};
/* End XCBuildConfiguration section */

/* Begin XCConfigurationList section */
		6D26CCA52775A7910092ED01 /* Build configuration list for PBXProject "weatherTest" */ = {
			isa = XCConfigurationList;
			buildConfigurations = (
				6D26CCBC2775A7920092ED01 /* Debug */,
				6D26CCBD2775A7920092ED01 /* Release */,
			);
			defaultConfigurationIsVisible = 0;
			defaultConfigurationName = Release;
		};
		6D26CCBE2775A7920092ED01 /* Build configuration list for PBXNativeTarget "weatherTest" */ = {
			isa = XCConfigurationList;
			buildConfigurations = (
				6D26CCBF2775A7920092ED01 /* Debug */,
				6D26CCC02775A7920092ED01 /* Release */,
			);
			defaultConfigurationIsVisible = 0;
			defaultConfigurationName = Release;
		};
		6DBEB2C2278809840086A972 /* Build configuration list for PBXNativeTarget "weatherTestTests" */ = {
			isa = XCConfigurationList;
			buildConfigurations = (
				6DBEB2C3278809840086A972 /* Debug */,
				6DBEB2C4278809840086A972 /* Release */,
			);
			defaultConfigurationIsVisible = 0;
			defaultConfigurationName = Release;
		};
		6DBEB2D6278871510086A972 /* Build configuration list for PBXNativeTarget "weatherTestUITests" */ = {
			isa = XCConfigurationList;
			buildConfigurations = (
				6DBEB2D7278871510086A972 /* Debug */,
				6DBEB2D8278871510086A972 /* Release */,
			);
			defaultConfigurationIsVisible = 0;
			defaultConfigurationName = Release;
		};
/* End XCConfigurationList section */
	};
	rootObject = 6D26CCA22775A7910092ED01 /* Project object */;
}
